// !$*UTF8*$!
{
	archiveVersion = 1;
	classes = {
	};
	objectVersion = 46;
	objects = {

/* Begin PBXBuildFile section */
		D45B55D5159BD92D008C8DB5 /* UIKit.framework in Frameworks */ = {isa = PBXBuildFile; fileRef = D45B55D4159BD92D008C8DB5 /* UIKit.framework */; };
		D45B55D7159BD92D008C8DB5 /* Foundation.framework in Frameworks */ = {isa = PBXBuildFile; fileRef = D45B55D6159BD92D008C8DB5 /* Foundation.framework */; };
		D45B55D9159BD92D008C8DB5 /* CoreGraphics.framework in Frameworks */ = {isa = PBXBuildFile; fileRef = D45B55D8159BD92D008C8DB5 /* CoreGraphics.framework */; };
		D45B55DF159BD92D008C8DB5 /* InfoPlist.strings in Resources */ = {isa = PBXBuildFile; fileRef = D45B55DD159BD92D008C8DB5 /* InfoPlist.strings */; };
		D45B55E1159BD92D008C8DB5 /* main.m in Sources */ = {isa = PBXBuildFile; fileRef = D45B55E0159BD92D008C8DB5 /* main.m */; };
		D45B55E5159BD92D008C8DB5 /* AppDelegate.m in Sources */ = {isa = PBXBuildFile; fileRef = D45B55E4159BD92D008C8DB5 /* AppDelegate.m */; };
		D45B55E8159BD92D008C8DB5 /* MainStoryboard.storyboard in Resources */ = {isa = PBXBuildFile; fileRef = D45B55E6159BD92D008C8DB5 /* MainStoryboard.storyboard */; };
		D45B55ED159BD92D008C8DB5 /* first.png in Resources */ = {isa = PBXBuildFile; fileRef = D45B55EC159BD92D008C8DB5 /* first.png */; };
		D45B55EF159BD92D008C8DB5 /* first@2x.png in Resources */ = {isa = PBXBuildFile; fileRef = D45B55EE159BD92D008C8DB5 /* first@2x.png */; };
		D45B55F2159BD92D008C8DB5 /* SecondViewController.m in Sources */ = {isa = PBXBuildFile; fileRef = D45B55F1159BD92D008C8DB5 /* SecondViewController.m */; };
		D45B55F4159BD92D008C8DB5 /* second.png in Resources */ = {isa = PBXBuildFile; fileRef = D45B55F3159BD92D008C8DB5 /* second.png */; };
		D45B55F6159BD92D008C8DB5 /* second@2x.png in Resources */ = {isa = PBXBuildFile; fileRef = D45B55F5159BD92D008C8DB5 /* second@2x.png */; };
		D45B5606159BDAEB008C8DB5 /* DrawViewController.m in Sources */ = {isa = PBXBuildFile; fileRef = D45B55FD159BD979008C8DB5 /* DrawViewController.m */; };
		D45B5607159BDB14008C8DB5 /* CalendarIcon.m in Sources */ = {isa = PBXBuildFile; fileRef = D45B5601159BD979008C8DB5 /* CalendarIcon.m */; };
		D45B5608159BDB14008C8DB5 /* UIImage+snapshot.m in Sources */ = {isa = PBXBuildFile; fileRef = D45B5603159BD979008C8DB5 /* UIImage+snapshot.m */; };
		D45B5609159BDB14008C8DB5 /* CalendarIconImage.m in Sources */ = {isa = PBXBuildFile; fileRef = D45B5605159BD979008C8DB5 /* CalendarIconImage.m */; };
		D45B560C159C464D008C8DB5 /* bluegrad.png in Resources */ = {isa = PBXBuildFile; fileRef = D45B560A159C464C008C8DB5 /* bluegrad.png */; };
		D45B560D159C464D008C8DB5 /* bluegrad@2x.png in Resources */ = {isa = PBXBuildFile; fileRef = D45B560B159C464D008C8DB5 /* bluegrad@2x.png */; };
		D4938333159F885D008E1D09 /* README.mdown in Resources */ = {isa = PBXBuildFile; fileRef = D4938332159F885D008E1D09 /* README.mdown */; };
		D4938336159F95F0008E1D09 /* Calendar-icon1.png in Resources */ = {isa = PBXBuildFile; fileRef = D4938334159F95F0008E1D09 /* Calendar-icon1.png */; };
		D4938337159F95F0008E1D09 /* calendar-icon2.png in Resources */ = {isa = PBXBuildFile; fileRef = D4938335159F95F0008E1D09 /* calendar-icon2.png */; };
/* End PBXBuildFile section */

/* Begin PBXFileReference section */
		D45B55D0159BD92D008C8DB5 /* CalendarIconDemo.app */ = {isa = PBXFileReference; explicitFileType = wrapper.application; includeInIndex = 0; path = CalendarIconDemo.app; sourceTree = BUILT_PRODUCTS_DIR; };
		D45B55D4159BD92D008C8DB5 /* UIKit.framework */ = {isa = PBXFileReference; lastKnownFileType = wrapper.framework; name = UIKit.framework; path = System/Library/Frameworks/UIKit.framework; sourceTree = SDKROOT; };
		D45B55D6159BD92D008C8DB5 /* Foundation.framework */ = {isa = PBXFileReference; lastKnownFileType = wrapper.framework; name = Foundation.framework; path = System/Library/Frameworks/Foundation.framework; sourceTree = SDKROOT; };
		D45B55D8159BD92D008C8DB5 /* CoreGraphics.framework */ = {isa = PBXFileReference; lastKnownFileType = wrapper.framework; name = CoreGraphics.framework; path = System/Library/Frameworks/CoreGraphics.framework; sourceTree = SDKROOT; };
		D45B55DC159BD92D008C8DB5 /* CalendarIconDemo-Info.plist */ = {isa = PBXFileReference; lastKnownFileType = text.plist.xml; path = "CalendarIconDemo-Info.plist"; sourceTree = "<group>"; };
		D45B55DE159BD92D008C8DB5 /* en */ = {isa = PBXFileReference; lastKnownFileType = text.plist.strings; name = en; path = en.lproj/InfoPlist.strings; sourceTree = "<group>"; };
		D45B55E0159BD92D008C8DB5 /* main.m */ = {isa = PBXFileReference; lastKnownFileType = sourcecode.c.objc; path = main.m; sourceTree = "<group>"; };
		D45B55E2159BD92D008C8DB5 /* CalendarIconDemo-Prefix.pch */ = {isa = PBXFileReference; lastKnownFileType = sourcecode.c.h; path = "CalendarIconDemo-Prefix.pch"; sourceTree = "<group>"; };
		D45B55E3159BD92D008C8DB5 /* AppDelegate.h */ = {isa = PBXFileReference; lastKnownFileType = sourcecode.c.h; path = AppDelegate.h; sourceTree = "<group>"; };
		D45B55E4159BD92D008C8DB5 /* AppDelegate.m */ = {isa = PBXFileReference; lastKnownFileType = sourcecode.c.objc; path = AppDelegate.m; sourceTree = "<group>"; };
		D45B55E7159BD92D008C8DB5 /* en */ = {isa = PBXFileReference; lastKnownFileType = file.storyboard; name = en; path = en.lproj/MainStoryboard.storyboard; sourceTree = "<group>"; };
		D45B55EC159BD92D008C8DB5 /* first.png */ = {isa = PBXFileReference; lastKnownFileType = image.png; path = first.png; sourceTree = "<group>"; };
		D45B55EE159BD92D008C8DB5 /* first@2x.png */ = {isa = PBXFileReference; lastKnownFileType = image.png; path = "first@2x.png"; sourceTree = "<group>"; };
		D45B55F0159BD92D008C8DB5 /* SecondViewController.h */ = {isa = PBXFileReference; lastKnownFileType = sourcecode.c.h; path = SecondViewController.h; sourceTree = "<group>"; };
		D45B55F1159BD92D008C8DB5 /* SecondViewController.m */ = {isa = PBXFileReference; lastKnownFileType = sourcecode.c.objc; path = SecondViewController.m; sourceTree = "<group>"; };
		D45B55F3159BD92D008C8DB5 /* second.png */ = {isa = PBXFileReference; lastKnownFileType = image.png; path = second.png; sourceTree = "<group>"; };
		D45B55F5159BD92D008C8DB5 /* second@2x.png */ = {isa = PBXFileReference; lastKnownFileType = image.png; path = "second@2x.png"; sourceTree = "<group>"; };
		D45B55FC159BD979008C8DB5 /* DrawViewController.h */ = {isa = PBXFileReference; lastKnownFileType = sourcecode.c.h; path = DrawViewController.h; sourceTree = "<group>"; };
		D45B55FD159BD979008C8DB5 /* DrawViewController.m */ = {isa = PBXFileReference; lastKnownFileType = sourcecode.c.objc; path = DrawViewController.m; sourceTree = "<group>"; };
		D45B55FE159BD979008C8DB5 /* DrawView.h */ = {isa = PBXFileReference; lastKnownFileType = sourcecode.c.h; path = DrawView.h; sourceTree = "<group>"; };
		D45B55FF159BD979008C8DB5 /* DrawView.m */ = {isa = PBXFileReference; lastKnownFileType = sourcecode.c.objc; path = DrawView.m; sourceTree = "<group>"; };
		D45B5600159BD979008C8DB5 /* CalendarIcon.h */ = {isa = PBXFileReference; lastKnownFileType = sourcecode.c.h; path = CalendarIcon.h; sourceTree = "<group>"; };
		D45B5601159BD979008C8DB5 /* CalendarIcon.m */ = {isa = PBXFileReference; lastKnownFileType = sourcecode.c.objc; path = CalendarIcon.m; sourceTree = "<group>"; };
		D45B5602159BD979008C8DB5 /* UIImage+snapshot.h */ = {isa = PBXFileReference; lastKnownFileType = sourcecode.c.h; path = "UIImage+snapshot.h"; sourceTree = "<group>"; };
		D45B5603159BD979008C8DB5 /* UIImage+snapshot.m */ = {isa = PBXFileReference; lastKnownFileType = sourcecode.c.objc; path = "UIImage+snapshot.m"; sourceTree = "<group>"; };
		D45B5604159BD979008C8DB5 /* CalendarIconImage.h */ = {isa = PBXFileReference; lastKnownFileType = sourcecode.c.h; path = CalendarIconImage.h; sourceTree = "<group>"; };
		D45B5605159BD979008C8DB5 /* CalendarIconImage.m */ = {isa = PBXFileReference; lastKnownFileType = sourcecode.c.objc; path = CalendarIconImage.m; sourceTree = "<group>"; };
		D45B560A159C464C008C8DB5 /* bluegrad.png */ = {isa = PBXFileReference; lastKnownFileType = image.png; path = bluegrad.png; sourceTree = "<group>"; };
		D45B560B159C464D008C8DB5 /* bluegrad@2x.png */ = {isa = PBXFileReference; lastKnownFileType = image.png; path = "bluegrad@2x.png"; sourceTree = "<group>"; };
		D4938332159F885D008E1D09 /* README.mdown */ = {isa = PBXFileReference; fileEncoding = 4; lastKnownFileType = text; path = README.mdown; sourceTree = "<group>"; };
		D4938334159F95F0008E1D09 /* Calendar-icon1.png */ = {isa = PBXFileReference; lastKnownFileType = image.png; path = "Calendar-icon1.png"; sourceTree = "<group>"; };
		D4938335159F95F0008E1D09 /* calendar-icon2.png */ = {isa = PBXFileReference; lastKnownFileType = image.png; path = "calendar-icon2.png"; sourceTree = "<group>"; };
/* End PBXFileReference section */

/* Begin PBXFrameworksBuildPhase section */
		D45B55CD159BD92D008C8DB5 /* Frameworks */ = {
			isa = PBXFrameworksBuildPhase;
			buildActionMask = 2147483647;
			files = (
				D45B55D5159BD92D008C8DB5 /* UIKit.framework in Frameworks */,
				D45B55D7159BD92D008C8DB5 /* Foundation.framework in Frameworks */,
				D45B55D9159BD92D008C8DB5 /* CoreGraphics.framework in Frameworks */,
			);
			runOnlyForDeploymentPostprocessing = 0;
		};
/* End PBXFrameworksBuildPhase section */

/* Begin PBXGroup section */
		D45B55C5159BD92D008C8DB5 = {
			isa = PBXGroup;
			children = (
				D4938332159F885D008E1D09 /* README.mdown */,
				D4938328159F858D008E1D09 /* Artwork */,
				D45B55DA159BD92D008C8DB5 /* CalendarIconDemo */,
				D45B55D3159BD92D008C8DB5 /* Frameworks */,
				D45B55D1159BD92D008C8DB5 /* Products */,
			);
			sourceTree = "<group>";
		};
		D45B55D1159BD92D008C8DB5 /* Products */ = {
			isa = PBXGroup;
			children = (
				D45B55D0159BD92D008C8DB5 /* CalendarIconDemo.app */,
			);
			name = Products;
			sourceTree = "<group>";
		};
		D45B55D3159BD92D008C8DB5 /* Frameworks */ = {
			isa = PBXGroup;
			children = (
				D45B55D4159BD92D008C8DB5 /* UIKit.framework */,
				D45B55D6159BD92D008C8DB5 /* Foundation.framework */,
				D45B55D8159BD92D008C8DB5 /* CoreGraphics.framework */,
			);
			name = Frameworks;
			sourceTree = "<group>";
		};
		D45B55DA159BD92D008C8DB5 /* CalendarIconDemo */ = {
			isa = PBXGroup;
			children = (
				D45B560A159C464C008C8DB5 /* bluegrad.png */,
				D45B560B159C464D008C8DB5 /* bluegrad@2x.png */,
				D45B55FC159BD979008C8DB5 /* DrawViewController.h */,
				D45B55FD159BD979008C8DB5 /* DrawViewController.m */,
				D45B55FE159BD979008C8DB5 /* DrawView.h */,
				D45B55FF159BD979008C8DB5 /* DrawView.m */,
				D45B5600159BD979008C8DB5 /* CalendarIcon.h */,
				D45B5601159BD979008C8DB5 /* CalendarIcon.m */,
				D45B5602159BD979008C8DB5 /* UIImage+snapshot.h */,
				D45B5603159BD979008C8DB5 /* UIImage+snapshot.m */,
				D45B5604159BD979008C8DB5 /* CalendarIconImage.h */,
				D45B5605159BD979008C8DB5 /* CalendarIconImage.m */,
				D45B55E3159BD92D008C8DB5 /* AppDelegate.h */,
				D45B55E4159BD92D008C8DB5 /* AppDelegate.m */,
				D45B55E6159BD92D008C8DB5 /* MainStoryboard.storyboard */,
				D45B55EC159BD92D008C8DB5 /* first.png */,
				D45B55EE159BD92D008C8DB5 /* first@2x.png */,
				D45B55F0159BD92D008C8DB5 /* SecondViewController.h */,
				D45B55F1159BD92D008C8DB5 /* SecondViewController.m */,
				D45B55F3159BD92D008C8DB5 /* second.png */,
				D45B55F5159BD92D008C8DB5 /* second@2x.png */,
				D45B55DB159BD92D008C8DB5 /* Supporting Files */,
			);
			path = CalendarIconDemo;
			sourceTree = "<group>";
		};
		D45B55DB159BD92D008C8DB5 /* Supporting Files */ = {
			isa = PBXGroup;
			children = (
				D45B55DC159BD92D008C8DB5 /* CalendarIconDemo-Info.plist */,
				D45B55DD159BD92D008C8DB5 /* InfoPlist.strings */,
				D45B55E0159BD92D008C8DB5 /* main.m */,
				D45B55E2159BD92D008C8DB5 /* CalendarIconDemo-Prefix.pch */,
			);
			name = "Supporting Files";
			sourceTree = "<group>";
		};
		D4938328159F858D008E1D09 /* Artwork */ = {
			isa = PBXGroup;
			children = (
				D4938334159F95F0008E1D09 /* Calendar-icon1.png */,
				D4938335159F95F0008E1D09 /* calendar-icon2.png */,
			);
			name = Artwork;
			sourceTree = "<group>";
		};
/* End PBXGroup section */

/* Begin PBXNativeTarget section */
		D45B55CF159BD92D008C8DB5 /* CalendarIconDemo */ = {
			isa = PBXNativeTarget;
			buildConfigurationList = D45B55F9159BD92D008C8DB5 /* Build configuration list for PBXNativeTarget "CalendarIconDemo" */;
			buildPhases = (
				D45B55CC159BD92D008C8DB5 /* Sources */,
				D45B55CD159BD92D008C8DB5 /* Frameworks */,
				D45B55CE159BD92D008C8DB5 /* Resources */,
			);
			buildRules = (
			);
			dependencies = (
			);
			name = CalendarIconDemo;
			productName = CalendarIconDemo;
			productReference = D45B55D0159BD92D008C8DB5 /* CalendarIconDemo.app */;
			productType = "com.apple.product-type.application";
		};
/* End PBXNativeTarget section */

/* Begin PBXProject section */
		D45B55C7159BD92D008C8DB5 /* Project object */ = {
			isa = PBXProject;
			attributes = {
				LastUpgradeCheck = 0430;
				ORGANIZATIONNAME = "DVPweb.com - DBA: Dan Zeitman";
			};
			buildConfigurationList = D45B55CA159BD92D008C8DB5 /* Build configuration list for PBXProject "CalendarIconDemo" */;
			compatibilityVersion = "Xcode 3.2";
			developmentRegion = English;
			hasScannedForEncodings = 0;
			knownRegions = (
				en,
			);
			mainGroup = D45B55C5159BD92D008C8DB5;
			productRefGroup = D45B55D1159BD92D008C8DB5 /* Products */;
			projectDirPath = "";
			projectRoot = "";
			targets = (
				D45B55CF159BD92D008C8DB5 /* CalendarIconDemo */,
			);
		};
/* End PBXProject section */

/* Begin PBXResourcesBuildPhase section */
		D45B55CE159BD92D008C8DB5 /* Resources */ = {
			isa = PBXResourcesBuildPhase;
			buildActionMask = 2147483647;
			files = (
				D45B55DF159BD92D008C8DB5 /* InfoPlist.strings in Resources */,
				D45B55E8159BD92D008C8DB5 /* MainStoryboard.storyboard in Resources */,
				D45B55ED159BD92D008C8DB5 /* first.png in Resources */,
				D45B55EF159BD92D008C8DB5 /* first@2x.png in Resources */,
				D45B55F4159BD92D008C8DB5 /* second.png in Resources */,
				D45B55F6159BD92D008C8DB5 /* second@2x.png in Resources */,
				D45B560C159C464D008C8DB5 /* bluegrad.png in Resources */,
				D45B560D159C464D008C8DB5 /* bluegrad@2x.png in Resources */,
				D4938333159F885D008E1D09 /* README.mdown in Resources */,
				D4938336159F95F0008E1D09 /* Calendar-icon1.png in Resources */,
				D4938337159F95F0008E1D09 /* calendar-icon2.png in Resources */,
			);
			runOnlyForDeploymentPostprocessing = 0;
		};
/* End PBXResourcesBuildPhase section */

/* Begin PBXSourcesBuildPhase section */
		D45B55CC159BD92D008C8DB5 /* Sources */ = {
			isa = PBXSourcesBuildPhase;
			buildActionMask = 2147483647;
			files = (
				D45B5607159BDB14008C8DB5 /* CalendarIcon.m in Sources */,
				D45B5608159BDB14008C8DB5 /* UIImage+snapshot.m in Sources */,
				D45B5609159BDB14008C8DB5 /* CalendarIconImage.m in Sources */,
				D45B5606159BDAEB008C8DB5 /* DrawViewController.m in Sources */,
				D45B55E1159BD92D008C8DB5 /* main.m in Sources */,
				D45B55E5159BD92D008C8DB5 /* AppDelegate.m in Sources */,
				D45B55F2159BD92D008C8DB5 /* SecondViewController.m in Sources */,
			);
			runOnlyForDeploymentPostprocessing = 0;
		};
/* End PBXSourcesBuildPhase section */

/* Begin PBXVariantGroup section */
		D45B55DD159BD92D008C8DB5 /* InfoPlist.strings */ = {
			isa = PBXVariantGroup;
			children = (
				D45B55DE159BD92D008C8DB5 /* en */,
			);
			name = InfoPlist.strings;
			sourceTree = "<group>";
		};
		D45B55E6159BD92D008C8DB5 /* MainStoryboard.storyboard */ = {
			isa = PBXVariantGroup;
			children = (
				D45B55E7159BD92D008C8DB5 /* en */,
			);
			name = MainStoryboard.storyboard;
			sourceTree = "<group>";
		};
/* End PBXVariantGroup section */

/* Begin XCBuildConfiguration section */
		D45B55F7159BD92D008C8DB5 /* Debug */ = {
			isa = XCBuildConfiguration;
			buildSettings = {
				ALWAYS_SEARCH_USER_PATHS = NO;
				ARCHS = "$(ARCHS_STANDARD_32_BIT)";
				CLANG_ENABLE_OBJC_ARC = YES;
				"CODE_SIGN_IDENTITY[sdk=iphoneos*]" = "iPhone Developer";
				COPY_PHASE_STRIP = NO;
				GCC_C_LANGUAGE_STANDARD = gnu99;
				GCC_DYNAMIC_NO_PIC = NO;
				GCC_OPTIMIZATION_LEVEL = 0;
				GCC_PREPROCESSOR_DEFINITIONS = (
					"DEBUG=1",
					"$(inherited)",
				);
				GCC_SYMBOLS_PRIVATE_EXTERN = NO;
				GCC_VERSION = com.apple.compilers.llvm.clang.1_0;
				GCC_WARN_ABOUT_RETURN_TYPE = YES;
				GCC_WARN_UNINITIALIZED_AUTOS = YES;
				GCC_WARN_UNUSED_VARIABLE = YES;
				IPHONEOS_DEPLOYMENT_TARGET = 5.1;
				SDKROOT = iphoneos;
			};
			name = Debug;
		};
		D45B55F8159BD92D008C8DB5 /* Release */ = {
			isa = XCBuildConfiguration;
			buildSettings = {
				ALWAYS_SEARCH_USER_PATHS = NO;
				ARCHS = "$(ARCHS_STANDARD_32_BIT)";
				CLANG_ENABLE_OBJC_ARC = YES;
				"CODE_SIGN_IDENTITY[sdk=iphoneos*]" = "iPhone Developer";
				COPY_PHASE_STRIP = YES;
				GCC_C_LANGUAGE_STANDARD = gnu99;
				GCC_VERSION = com.apple.compilers.llvm.clang.1_0;
				GCC_WARN_ABOUT_RETURN_TYPE = YES;
				GCC_WARN_UNINITIALIZED_AUTOS = YES;
				GCC_WARN_UNUSED_VARIABLE = YES;
				IPHONEOS_DEPLOYMENT_TARGET = 5.1;
				OTHER_CFLAGS = "-DNS_BLOCK_ASSERTIONS=1";
				SDKROOT = iphoneos;
				VALIDATE_PRODUCT = YES;
			};
			name = Release;
		};
		D45B55FA159BD92D008C8DB5 /* Debug */ = {
			isa = XCBuildConfiguration;
			buildSettings = {
				GCC_PRECOMPILE_PREFIX_HEADER = YES;
				GCC_PREFIX_HEADER = "CalendarIconDemo/CalendarIconDemo-Prefix.pch";
				INFOPLIST_FILE = "CalendarIconDemo/CalendarIconDemo-Info.plist";
				PRODUCT_NAME = "$(TARGET_NAME)";
				WRAPPER_EXTENSION = app;
			};
			name = Debug;
		};
		D45B55FB159BD92D008C8DB5 /* Release */ = {
			isa = XCBuildConfiguration;
			buildSettings = {
				GCC_PRECOMPILE_PREFIX_HEADER = YES;
				GCC_PREFIX_HEADER = "CalendarIconDemo/CalendarIconDemo-Prefix.pch";
				INFOPLIST_FILE = "CalendarIconDemo/CalendarIconDemo-Info.plist";
				PRODUCT_NAME = "$(TARGET_NAME)";
				WRAPPER_EXTENSION = app;
			};
			name = Release;
		};
/* End XCBuildConfiguration section */

/* Begin XCConfigurationList section */
		D45B55CA159BD92D008C8DB5 /* Build configuration list for PBXProject "CalendarIconDemo" */ = {
			isa = XCConfigurationList;
			buildConfigurations = (
				D45B55F7159BD92D008C8DB5 /* Debug */,
				D45B55F8159BD92D008C8DB5 /* Release */,
			);
			defaultConfigurationIsVisible = 0;
			defaultConfigurationName = Release;
		};
		D45B55F9159BD92D008C8DB5 /* Build configuration list for PBXNativeTarget "CalendarIconDemo" */ = {
			isa = XCConfigurationList;
			buildConfigurations = (
				D45B55FA159BD92D008C8DB5 /* Debug */,
				D45B55FB159BD92D008C8DB5 /* Release */,
			);
			defaultConfigurationIsVisible = 0;
			defaultConfigurationName = Release;
		};
/* End XCConfigurationList section */
	};
	rootObject = D45B55C7159BD92D008C8DB5 /* Project object */;
}
